
Microsoft Visual Studio Solution File, Format Version 12.00
Project("{FAE04EC0-301F-11D3-BF4B-00C04F79EFBC}") = "SimpleBankAPI", "SimpleBankAPI\SimpleBankAPI.csproj", "{2706B3A4-45E3-4545-AF82-40E479DCD540}"
EndProject
Global
	GlobalSection(SolutionConfigurationPlatforms) = preSolution
		Debug|Any CPU = Debug|Any CPU
		Release|Any CPU = Release|Any CPU
	EndGlobalSection
	GlobalSection(ProjectConfigurationPlatforms) = postSolution
		{2706B3A4-45E3-4545-AF82-40E479DCD540}.Debug|Any CPU.ActiveCfg = Debug|Any CPU
		{2706B3A4-45E3-4545-AF82-40E479DCD540}.Debug|Any CPU.Build.0 = Debug|Any CPU
		{2706B3A4-45E3-4545-AF82-40E479DCD540}.Release|Any CPU.ActiveCfg = Release|Any CPU
		{2706B3A4-45E3-4545-AF82-40E479DCD540}.Release|Any CPU.Build.0 = Release|Any CPU
	EndGlobalSection
EndGlobal
